
Microsoft Visual Studio Solution File, Format Version 12.00
# Visual Studio Version 17
VisualStudioVersion = 17.14.36717.8 d17.14
MinimumVisualStudioVersion = 10.0.40219.1
Project("{FAE04EC0-301F-11D3-BF4B-00C04F79EFBC}") = "nudity_patch_github", "nudity_patch\nudity_patch_github.csproj", "{63E7E452-3A49-BEAA-0318-8C14C2A7A93E}"
EndProject
Global
	GlobalSection(SolutionConfigurationPlatforms) = preSolution
		Debug|Any CPU = Debug|Any CPU
		Release|Any CPU = Release|Any CPU
	EndGlobalSection
	GlobalSection(ProjectConfigurationPlatforms) = postSolution
		{63E7E452-3A49-BEAA-0318-8C14C2A7A93E}.Debug|Any CPU.ActiveCfg = Debug|Any CPU
		{63E7E452-3A49-BEAA-0318-8C14C2A7A93E}.Debug|Any CPU.Build.0 = Debug|Any CPU
		{63E7E452-3A49-BEAA-0318-8C14C2A7A93E}.Release|Any CPU.ActiveCfg = Release|Any CPU
		{63E7E452-3A49-BEAA-0318-8C14C2A7A93E}.Release|Any CPU.Build.0 = Release|Any CPU
	EndGlobalSection
	GlobalSection(SolutionProperties) = preSolution
		HideSolutionNode = FALSE
	EndGlobalSection
	GlobalSection(ExtensibilityGlobals) = postSolution
		SolutionGuid = {077D6964-179B-45C7-9CE5-D6F2FAAECA7C}
	EndGlobalSection
EndGlobal
